
Microsoft Visual Studio Solution File, Format Version 12.00
# Visual Studio Version 17
VisualStudioVersion = 17.0.31903.59
MinimumVisualStudioVersion = 10.0.40219.1
Project("{2150E333-8FDC-42A3-9474-1A3956D46DE8}") = "src", "src", "{F12923CC-3602-4E22-8ABB-1F4490D6F206}"
EndProject
Project("{FAE04EC0-301F-11D3-BF4B-00C04F79EFBC}") = "AdventureGame.Core", "src\AdventureGame.Core\AdventureGame.Core.csproj", "{8E7A080F-71B6-4C43-B5EC-287115604FB3}"
EndProject
Project("{FAE04EC0-301F-11D3-BF4B-00C04F79EFBC}") = "AdventureGame.Console", "src\AdventureGame.Console\AdventureGame.Console.csproj", "{117D7996-7545-4259-B967-448FDC4AECE9}"
EndProject
Global
	GlobalSection(SolutionConfigurationPlatforms) = preSolution
		Debug|Any CPU = Debug|Any CPU
		Release|Any CPU = Release|Any CPU
	EndGlobalSection
	GlobalSection(SolutionProperties) = preSolution
		HideSolutionNode = FALSE
	EndGlobalSection
	GlobalSection(ProjectConfigurationPlatforms) = postSolution
		{8E7A080F-71B6-4C43-B5EC-287115604FB3}.Debug|Any CPU.ActiveCfg = Debug|Any CPU
		{8E7A080F-71B6-4C43-B5EC-287115604FB3}.Debug|Any CPU.Build.0 = Debug|Any CPU
		{8E7A080F-71B6-4C43-B5EC-287115604FB3}.Release|Any CPU.ActiveCfg = Release|Any CPU
		{8E7A080F-71B6-4C43-B5EC-287115604FB3}.Release|Any CPU.Build.0 = Release|Any CPU
		{117D7996-7545-4259-B967-448FDC4AECE9}.Debug|Any CPU.ActiveCfg = Debug|Any CPU
		{117D7996-7545-4259-B967-448FDC4AECE9}.Debug|Any CPU.Build.0 = Debug|Any CPU
		{117D7996-7545-4259-B967-448FDC4AECE9}.Release|Any CPU.ActiveCfg = Release|Any CPU
		{117D7996-7545-4259-B967-448FDC4AECE9}.Release|Any CPU.Build.0 = Release|Any CPU
	EndGlobalSection
	GlobalSection(NestedProjects) = preSolution
		{8E7A080F-71B6-4C43-B5EC-287115604FB3} = {F12923CC-3602-4E22-8ABB-1F4490D6F206}
		{117D7996-7545-4259-B967-448FDC4AECE9} = {F12923CC-3602-4E22-8ABB-1F4490D6F206}
	EndGlobalSection
EndGlobal
